
Microsoft Visual Studio Solution File, Format Version 12.00
# Visual Studio Version 17
VisualStudioVersion = 17.8.34309.116
MinimumVisualStudioVersion = 10.0.40219.1
Project("{9A19103F-16F7-4668-BE54-9A1E7A4F7556}") = "OgrenciYonetim", "OgrenciYonetim\OgrenciYonetim.csproj", "{00AAE98E-9B1C-4B3A-835C-C38AA536E16C}"
EndProject
Global
	GlobalSection(SolutionConfigurationPlatforms) = preSolution
		Debug|Any CPU = Debug|Any CPU
		Release|Any CPU = Release|Any CPU
	EndGlobalSection
	GlobalSection(ProjectConfigurationPlatforms) = postSolution
		{00AAE98E-9B1C-4B3A-835C-C38AA536E16C}.Debug|Any CPU.ActiveCfg = Debug|Any CPU
		{00AAE98E-9B1C-4B3A-835C-C38AA536E16C}.Debug|Any CPU.Build.0 = Debug|Any CPU
		{00AAE98E-9B1C-4B3A-835C-C38AA536E16C}.Release|Any CPU.ActiveCfg = Release|Any CPU
		{00AAE98E-9B1C-4B3A-835C-C38AA536E16C}.Release|Any CPU.Build.0 = Release|Any CPU
	EndGlobalSection
	GlobalSection(SolutionProperties) = preSolution
		HideSolutionNode = FALSE
	EndGlobalSection
	GlobalSection(ExtensibilityGlobals) = postSolution
		SolutionGuid = {0792F7E0-347B-4C3E-8DB5-FFBAEE5BDE9B}
	EndGlobalSection
EndGlobal
